
Microsoft Visual Studio Solution File, Format Version 12.00
# Visual Studio Version 17
VisualStudioVersion = 17.3.32804.467
MinimumVisualStudioVersion = 10.0.40219.1
Project("{FAE04EC0-301F-11D3-BF4B-00C04F79EFBC}") = "Lab 4 - Drawing", "Lab 4 - Drawing\Lab 4 - Drawing.csproj", "{9BFC32E3-96FC-4EB2-87D3-124D05C53566}"
EndProject
Global
	GlobalSection(SolutionConfigurationPlatforms) = preSolution
		Debug|Any CPU = Debug|Any CPU
		Release|Any CPU = Release|Any CPU
	EndGlobalSection
	GlobalSection(ProjectConfigurationPlatforms) = postSolution
		{9BFC32E3-96FC-4EB2-87D3-124D05C53566}.Debug|Any CPU.ActiveCfg = Debug|Any CPU
		{9BFC32E3-96FC-4EB2-87D3-124D05C53566}.Debug|Any CPU.Build.0 = Debug|Any CPU
		{9BFC32E3-96FC-4EB2-87D3-124D05C53566}.Release|Any CPU.ActiveCfg = Release|Any CPU
		{9BFC32E3-96FC-4EB2-87D3-124D05C53566}.Release|Any CPU.Build.0 = Release|Any CPU
	EndGlobalSection
	GlobalSection(SolutionProperties) = preSolution
		HideSolutionNode = FALSE
	EndGlobalSection
	GlobalSection(ExtensibilityGlobals) = postSolution
		SolutionGuid = {4106F0C2-5852-4052-BBFA-0CFA0C5BC9C9}
	EndGlobalSection
EndGlobal
